
Microsoft Visual Studio Solution File, Format Version 12.00
# Visual Studio 14
VisualStudioVersion = 14.0.25420.1
MinimumVisualStudioVersion = 10.0.40219.1
Project("{159641D6-6404-4A2A-AE62-294DE0FE8301}") = "RSRefreshMethod", "ASB SSIS Template\RSRefreshMethod.dtproj", "{4B63C71E-F912-4E9D-A60D-53FDF8C0704D}"
EndProject
Global
	GlobalSection(SolutionConfigurationPlatforms) = preSolution
		Development|Default = Development|Default
	EndGlobalSection
	GlobalSection(ProjectConfigurationPlatforms) = postSolution
		{4B63C71E-F912-4E9D-A60D-53FDF8C0704D}.Development|Default.ActiveCfg = Development
		{4B63C71E-F912-4E9D-A60D-53FDF8C0704D}.Development|Default.Build.0 = Development
	EndGlobalSection
	GlobalSection(SolutionProperties) = preSolution
		HideSolutionNode = FALSE
	EndGlobalSection
EndGlobal
